# Runtime lock for Qwen3-8B 4-bit on CUDA (Windows)
MODEL_PATH=Qwen/Qwen3-8B
DEVICE=cuda
TORCH_DTYPE=bfloat16
QWEN_4BIT=true
QWEN_FORCE_4BIT=true
CUDA_VISIBLE_DEVICES=0
# Pinned core versions detected at runtime
PYTORCH_VERSION=2.5.1+cu121
BITSANDBYTES_VERSION=0.43.3
TRANSFORMERS_VERSION=4.55.2
ACCELERATE_VERSION=1.10.0
PEFT_VERSION=0.17.0
